
Microsoft Visual Studio Solution File, Format Version 12.00
Project("{FAE04EC0-301F-11D3-BF4B-00C04F79EFBC}") = "P1Scopes", "P1Scopes\P1Scopes.csproj", "{B0BCC744-1752-4168-9D02-7D0A03AF3E08}"
EndProject
Project("{FAE04EC0-301F-11D3-BF4B-00C04F79EFBC}") = "P1_1People", "P1_1People\P1_1People.csproj", "{2E9CB6ED-9947-42A5-BFF3-E28429A18A0C}"
EndProject
Project("{FAE04EC0-301F-11D3-BF4B-00C04F79EFBC}") = "P2_1PlayerGold", "P2_1PlayerGold\P2_1PlayerGold.csproj", "{00823C17-7265-45A6-9791-873338FBD510}"
EndProject
Project("{FAE04EC0-301F-11D3-BF4B-00C04F79EFBC}") = "P2_2ItemValues", "P2_2ItemValues\P2_2ItemValues.csproj", "{96B6C6D7-A496-491A-A850-6105C484313F}"
EndProject
Project("{FAE04EC0-301F-11D3-BF4B-00C04F79EFBC}") = "P3_1HelloWorld", "P3_1HelloWorld\P3_1HelloWorld.csproj", "{B252A8BE-B7C2-4F1C-8258-5FC286112BB7}"
EndProject
Project("{FAE04EC0-301F-11D3-BF4B-00C04F79EFBC}") = "P3_2People", "P3_2People\P3_2People.csproj", "{2CA9FE6E-7EC8-42F4-9A6A-BD1582E727F3}"
EndProject
Project("{FAE04EC0-301F-11D3-BF4B-00C04F79EFBC}") = "P3_3OpenDoor", "P3_3OpenDoor\P3_3OpenDoor.csproj", "{232F9EFD-65A6-482C-9D92-21BB912A3F11}"
EndProject
Project("{FAE04EC0-301F-11D3-BF4B-00C04F79EFBC}") = "P4Heap", "P4Heap\P4Heap.csproj", "{BB6DB825-95B9-4C7F-A911-43A31549ABC1}"
EndProject
Project("{FAE04EC0-301F-11D3-BF4B-00C04F79EFBC}") = "RPG", "RPG\RPG.csproj", "{1D1E657A-AD79-478E-BFF2-1E1B3F9CDDA6}"
EndProject
Project("{FAE04EC0-301F-11D3-BF4B-00C04F79EFBC}") = "P5Inheritance_Samples", "P5Inheritance_Samples\P5Inheritance_Samples.csproj", "{DE276554-460D-46E2-88B5-D8BC88C298E1}"
EndProject
Project("{FAE04EC0-301F-11D3-BF4B-00C04F79EFBC}") = "P6Composition_Samples", "P6Composition_Samples\P6Composition_Samples.csproj", "{31FB73D3-31AE-41E4-9F6A-E192382AEC99}"
EndProject
Global
	GlobalSection(SolutionConfigurationPlatforms) = preSolution
		Debug|Any CPU = Debug|Any CPU
		Release|Any CPU = Release|Any CPU
	EndGlobalSection
	GlobalSection(ProjectConfigurationPlatforms) = postSolution
		{B0BCC744-1752-4168-9D02-7D0A03AF3E08}.Debug|Any CPU.ActiveCfg = Debug|Any CPU
		{B0BCC744-1752-4168-9D02-7D0A03AF3E08}.Debug|Any CPU.Build.0 = Debug|Any CPU
		{B0BCC744-1752-4168-9D02-7D0A03AF3E08}.Release|Any CPU.ActiveCfg = Release|Any CPU
		{B0BCC744-1752-4168-9D02-7D0A03AF3E08}.Release|Any CPU.Build.0 = Release|Any CPU
		{2E9CB6ED-9947-42A5-BFF3-E28429A18A0C}.Debug|Any CPU.ActiveCfg = Debug|Any CPU
		{2E9CB6ED-9947-42A5-BFF3-E28429A18A0C}.Debug|Any CPU.Build.0 = Debug|Any CPU
		{2E9CB6ED-9947-42A5-BFF3-E28429A18A0C}.Release|Any CPU.ActiveCfg = Release|Any CPU
		{2E9CB6ED-9947-42A5-BFF3-E28429A18A0C}.Release|Any CPU.Build.0 = Release|Any CPU
		{00823C17-7265-45A6-9791-873338FBD510}.Debug|Any CPU.ActiveCfg = Debug|Any CPU
		{00823C17-7265-45A6-9791-873338FBD510}.Debug|Any CPU.Build.0 = Debug|Any CPU
		{00823C17-7265-45A6-9791-873338FBD510}.Release|Any CPU.ActiveCfg = Release|Any CPU
		{00823C17-7265-45A6-9791-873338FBD510}.Release|Any CPU.Build.0 = Release|Any CPU
		{96B6C6D7-A496-491A-A850-6105C484313F}.Debug|Any CPU.ActiveCfg = Debug|Any CPU
		{96B6C6D7-A496-491A-A850-6105C484313F}.Debug|Any CPU.Build.0 = Debug|Any CPU
		{96B6C6D7-A496-491A-A850-6105C484313F}.Release|Any CPU.ActiveCfg = Release|Any CPU
		{96B6C6D7-A496-491A-A850-6105C484313F}.Release|Any CPU.Build.0 = Release|Any CPU
		{B252A8BE-B7C2-4F1C-8258-5FC286112BB7}.Debug|Any CPU.ActiveCfg = Debug|Any CPU
		{B252A8BE-B7C2-4F1C-8258-5FC286112BB7}.Debug|Any CPU.Build.0 = Debug|Any CPU
		{B252A8BE-B7C2-4F1C-8258-5FC286112BB7}.Release|Any CPU.ActiveCfg = Release|Any CPU
		{B252A8BE-B7C2-4F1C-8258-5FC286112BB7}.Release|Any CPU.Build.0 = Release|Any CPU
		{2CA9FE6E-7EC8-42F4-9A6A-BD1582E727F3}.Debug|Any CPU.ActiveCfg = Debug|Any CPU
		{2CA9FE6E-7EC8-42F4-9A6A-BD1582E727F3}.Debug|Any CPU.Build.0 = Debug|Any CPU
		{2CA9FE6E-7EC8-42F4-9A6A-BD1582E727F3}.Release|Any CPU.ActiveCfg = Release|Any CPU
		{2CA9FE6E-7EC8-42F4-9A6A-BD1582E727F3}.Release|Any CPU.Build.0 = Release|Any CPU
		{232F9EFD-65A6-482C-9D92-21BB912A3F11}.Debug|Any CPU.ActiveCfg = Debug|Any CPU
		{232F9EFD-65A6-482C-9D92-21BB912A3F11}.Debug|Any CPU.Build.0 = Debug|Any CPU
		{232F9EFD-65A6-482C-9D92-21BB912A3F11}.Release|Any CPU.ActiveCfg = Release|Any CPU
		{232F9EFD-65A6-482C-9D92-21BB912A3F11}.Release|Any CPU.Build.0 = Release|Any CPU
		{BB6DB825-95B9-4C7F-A911-43A31549ABC1}.Debug|Any CPU.ActiveCfg = Debug|Any CPU
		{BB6DB825-95B9-4C7F-A911-43A31549ABC1}.Debug|Any CPU.Build.0 = Debug|Any CPU
		{BB6DB825-95B9-4C7F-A911-43A31549ABC1}.Release|Any CPU.ActiveCfg = Release|Any CPU
		{BB6DB825-95B9-4C7F-A911-43A31549ABC1}.Release|Any CPU.Build.0 = Release|Any CPU
		{1D1E657A-AD79-478E-BFF2-1E1B3F9CDDA6}.Debug|Any CPU.ActiveCfg = Debug|Any CPU
		{1D1E657A-AD79-478E-BFF2-1E1B3F9CDDA6}.Debug|Any CPU.Build.0 = Debug|Any CPU
		{1D1E657A-AD79-478E-BFF2-1E1B3F9CDDA6}.Release|Any CPU.ActiveCfg = Release|Any CPU
		{1D1E657A-AD79-478E-BFF2-1E1B3F9CDDA6}.Release|Any CPU.Build.0 = Release|Any CPU
		{DE276554-460D-46E2-88B5-D8BC88C298E1}.Debug|Any CPU.ActiveCfg = Debug|Any CPU
		{DE276554-460D-46E2-88B5-D8BC88C298E1}.Debug|Any CPU.Build.0 = Debug|Any CPU
		{DE276554-460D-46E2-88B5-D8BC88C298E1}.Release|Any CPU.ActiveCfg = Release|Any CPU
		{DE276554-460D-46E2-88B5-D8BC88C298E1}.Release|Any CPU.Build.0 = Release|Any CPU
		{31FB73D3-31AE-41E4-9F6A-E192382AEC99}.Debug|Any CPU.ActiveCfg = Debug|Any CPU
		{31FB73D3-31AE-41E4-9F6A-E192382AEC99}.Debug|Any CPU.Build.0 = Debug|Any CPU
		{31FB73D3-31AE-41E4-9F6A-E192382AEC99}.Release|Any CPU.ActiveCfg = Release|Any CPU
		{31FB73D3-31AE-41E4-9F6A-E192382AEC99}.Release|Any CPU.Build.0 = Release|Any CPU
	EndGlobalSection
EndGlobal
